
Microsoft Visual Studio Solution File, Format Version 12.00
# Visual Studio Version 17
VisualStudioVersion = 17.8.34309.116
MinimumVisualStudioVersion = 10.0.40219.1
Project("{FAE04EC0-301F-11D3-BF4B-00C04F79EFBC}") = "SQL100", "SQL100.csproj", "{28D16724-4B5A-444C-BFC6-3053362F5791}"
EndProject
Global
	GlobalSection(SolutionConfigurationPlatforms) = preSolution
		Debug|Any CPU = Debug|Any CPU
		Release|Any CPU = Release|Any CPU
	EndGlobalSection
	GlobalSection(ProjectConfigurationPlatforms) = postSolution
		{28D16724-4B5A-444C-BFC6-3053362F5791}.Debug|Any CPU.ActiveCfg = Debug|Any CPU
		{28D16724-4B5A-444C-BFC6-3053362F5791}.Debug|Any CPU.Build.0 = Debug|Any CPU
		{28D16724-4B5A-444C-BFC6-3053362F5791}.Release|Any CPU.ActiveCfg = Release|Any CPU
		{28D16724-4B5A-444C-BFC6-3053362F5791}.Release|Any CPU.Build.0 = Release|Any CPU
	EndGlobalSection
	GlobalSection(SolutionProperties) = preSolution
		HideSolutionNode = FALSE
	EndGlobalSection
	GlobalSection(ExtensibilityGlobals) = postSolution
		SolutionGuid = {95E0C4F1-4CC3-4A52-A36F-58A9D4C08E7D}
	EndGlobalSection
EndGlobal
